
Microsoft Visual Studio Solution File, Format Version 12.00
# Visual Studio 2013
VisualStudioVersion = 12.0.31101.0
MinimumVisualStudioVersion = 10.0.40219.1
Project("{FAE04EC0-301F-11D3-BF4B-00C04F79EFBC}") = "IELWEB", "IELWEB\IELWEB.csproj", "{55E4E5B0-1D7D-4A46-A01A-20154AEA8163}"
EndProject
Project("{FAE04EC0-301F-11D3-BF4B-00C04F79EFBC}") = "IELBUS", "IELBUS\IELBUS.csproj", "{7297479A-10F5-4ADA-9CB7-DEC71BDC916C}"
EndProject
Project("{FAE04EC0-301F-11D3-BF4B-00C04F79EFBC}") = "IELDAT", "IELDAT\IELDAT.csproj", "{4F20246F-D653-4FFC-ADAE-A75E83809D40}"
EndProject
Project("{FAE04EC0-301F-11D3-BF4B-00C04F79EFBC}") = "IELSEC", "IELSEC\IELSEC.csproj", "{256966B8-E49E-445B-A789-A8370F0DA6A7}"
EndProject
Project("{F184B08F-C81C-45F6-A57F-5ABD9991F28F}") = "IELSECVB", "IELSECVB\IELSECVB.vbproj", "{BC568E5C-811C-46A7-9106-46316184FE26}"
EndProject
Project("{FAE04EC0-301F-11D3-BF4B-00C04F79EFBC}") = "IELENT", "IELENT\IELENT.csproj", "{093FDDE7-46F6-4328-8EEE-A7EA37446A89}"
EndProject
Project("{FAE04EC0-301F-11D3-BF4B-00C04F79EFBC}") = "IELUTIL", "IELUTIL\IELUTIL.csproj", "{A601727B-9655-4F35-A607-D01349FD31CB}"
EndProject
Global
	GlobalSection(SolutionConfigurationPlatforms) = preSolution
		Debug|Any CPU = Debug|Any CPU
		Release|Any CPU = Release|Any CPU
	EndGlobalSection
	GlobalSection(ProjectConfigurationPlatforms) = postSolution
		{55E4E5B0-1D7D-4A46-A01A-20154AEA8163}.Debug|Any CPU.ActiveCfg = Debug|Any CPU
		{55E4E5B0-1D7D-4A46-A01A-20154AEA8163}.Debug|Any CPU.Build.0 = Debug|Any CPU
		{55E4E5B0-1D7D-4A46-A01A-20154AEA8163}.Release|Any CPU.ActiveCfg = Release|Any CPU
		{55E4E5B0-1D7D-4A46-A01A-20154AEA8163}.Release|Any CPU.Build.0 = Release|Any CPU
		{7297479A-10F5-4ADA-9CB7-DEC71BDC916C}.Debug|Any CPU.ActiveCfg = Debug|Any CPU
		{7297479A-10F5-4ADA-9CB7-DEC71BDC916C}.Debug|Any CPU.Build.0 = Debug|Any CPU
		{7297479A-10F5-4ADA-9CB7-DEC71BDC916C}.Release|Any CPU.ActiveCfg = Release|Any CPU
		{7297479A-10F5-4ADA-9CB7-DEC71BDC916C}.Release|Any CPU.Build.0 = Release|Any CPU
		{4F20246F-D653-4FFC-ADAE-A75E83809D40}.Debug|Any CPU.ActiveCfg = Debug|Any CPU
		{4F20246F-D653-4FFC-ADAE-A75E83809D40}.Debug|Any CPU.Build.0 = Debug|Any CPU
		{4F20246F-D653-4FFC-ADAE-A75E83809D40}.Release|Any CPU.ActiveCfg = Release|Any CPU
		{4F20246F-D653-4FFC-ADAE-A75E83809D40}.Release|Any CPU.Build.0 = Release|Any CPU
		{256966B8-E49E-445B-A789-A8370F0DA6A7}.Debug|Any CPU.ActiveCfg = Debug|Any CPU
		{256966B8-E49E-445B-A789-A8370F0DA6A7}.Debug|Any CPU.Build.0 = Debug|Any CPU
		{256966B8-E49E-445B-A789-A8370F0DA6A7}.Release|Any CPU.ActiveCfg = Release|Any CPU
		{256966B8-E49E-445B-A789-A8370F0DA6A7}.Release|Any CPU.Build.0 = Release|Any CPU
		{BC568E5C-811C-46A7-9106-46316184FE26}.Debug|Any CPU.ActiveCfg = Debug|Any CPU
		{BC568E5C-811C-46A7-9106-46316184FE26}.Debug|Any CPU.Build.0 = Debug|Any CPU
		{BC568E5C-811C-46A7-9106-46316184FE26}.Release|Any CPU.ActiveCfg = Release|Any CPU
		{BC568E5C-811C-46A7-9106-46316184FE26}.Release|Any CPU.Build.0 = Release|Any CPU
		{093FDDE7-46F6-4328-8EEE-A7EA37446A89}.Debug|Any CPU.ActiveCfg = Debug|Any CPU
		{093FDDE7-46F6-4328-8EEE-A7EA37446A89}.Debug|Any CPU.Build.0 = Debug|Any CPU
		{093FDDE7-46F6-4328-8EEE-A7EA37446A89}.Release|Any CPU.ActiveCfg = Release|Any CPU
		{093FDDE7-46F6-4328-8EEE-A7EA37446A89}.Release|Any CPU.Build.0 = Release|Any CPU
		{A601727B-9655-4F35-A607-D01349FD31CB}.Debug|Any CPU.ActiveCfg = Debug|Any CPU
		{A601727B-9655-4F35-A607-D01349FD31CB}.Debug|Any CPU.Build.0 = Debug|Any CPU
		{A601727B-9655-4F35-A607-D01349FD31CB}.Release|Any CPU.ActiveCfg = Release|Any CPU
		{A601727B-9655-4F35-A607-D01349FD31CB}.Release|Any CPU.Build.0 = Release|Any CPU
	EndGlobalSection
	GlobalSection(SolutionProperties) = preSolution
		HideSolutionNode = FALSE
	EndGlobalSection
EndGlobal
